
Microsoft Visual Studio Solution File, Format Version 12.00
# Visual Studio Version 16
VisualStudioVersion = 16.0.33130.400
MinimumVisualStudioVersion = 10.0.40219.1
Project("{8BC9CEB8-8B4A-11D0-8D11-00A0C91BC942}") = "04.Movement", "Movement_vc12.vcxproj", "{7BDBB7E8-E0C9-4A0D-83C1-D389D6140FEF}"
EndProject
Global
	GlobalSection(SolutionConfigurationPlatforms) = preSolution
		Debug|x64 = Debug|x64
		Debug|x86 = Debug|x86
		Release|x64 = Release|x64
		Release|x86 = Release|x86
	EndGlobalSection
	GlobalSection(ProjectConfigurationPlatforms) = postSolution
		{7BDBB7E8-E0C9-4A0D-83C1-D389D6140FEF}.Debug|x64.ActiveCfg = Debug|x64
		{7BDBB7E8-E0C9-4A0D-83C1-D389D6140FEF}.Debug|x64.Build.0 = Debug|x64
		{7BDBB7E8-E0C9-4A0D-83C1-D389D6140FEF}.Debug|x86.ActiveCfg = Debug|Win32
		{7BDBB7E8-E0C9-4A0D-83C1-D389D6140FEF}.Debug|x86.Build.0 = Debug|Win32
		{7BDBB7E8-E0C9-4A0D-83C1-D389D6140FEF}.Release|x64.ActiveCfg = Release|x64
		{7BDBB7E8-E0C9-4A0D-83C1-D389D6140FEF}.Release|x64.Build.0 = Release|x64
		{7BDBB7E8-E0C9-4A0D-83C1-D389D6140FEF}.Release|x86.ActiveCfg = Release|Win32
		{7BDBB7E8-E0C9-4A0D-83C1-D389D6140FEF}.Release|x86.Build.0 = Release|Win32
	EndGlobalSection
	GlobalSection(SolutionProperties) = preSolution
		HideSolutionNode = FALSE
	EndGlobalSection
	GlobalSection(ExtensibilityGlobals) = postSolution
		SolutionGuid = {CFBBE017-AF49-4CBD-9EA5-05F3E0BECC92}
	EndGlobalSection
EndGlobal
