
Microsoft Visual Studio Solution File, Format Version 12.00
# Visual Studio Version 16
VisualStudioVersion = 16.0.33130.400
MinimumVisualStudioVersion = 10.0.40219.1
Project("{8BC9CEB8-8B4A-11D0-8D11-00A0C91BC942}") = "09.Meshviewer", "Meshviewer_vc12.vcxproj", "{2AE24484-22FC-481B-9A40-7CD0DA5C8E06}"
EndProject
Global
	GlobalSection(SolutionConfigurationPlatforms) = preSolution
		Debug|x64 = Debug|x64
		Debug|x86 = Debug|x86
		Release|x64 = Release|x64
		Release|x86 = Release|x86
	EndGlobalSection
	GlobalSection(ProjectConfigurationPlatforms) = postSolution
		{2AE24484-22FC-481B-9A40-7CD0DA5C8E06}.Debug|x64.ActiveCfg = Debug|x64
		{2AE24484-22FC-481B-9A40-7CD0DA5C8E06}.Debug|x64.Build.0 = Debug|x64
		{2AE24484-22FC-481B-9A40-7CD0DA5C8E06}.Debug|x86.ActiveCfg = Debug|Win32
		{2AE24484-22FC-481B-9A40-7CD0DA5C8E06}.Debug|x86.Build.0 = Debug|Win32
		{2AE24484-22FC-481B-9A40-7CD0DA5C8E06}.Release|x64.ActiveCfg = Release|x64
		{2AE24484-22FC-481B-9A40-7CD0DA5C8E06}.Release|x64.Build.0 = Release|x64
		{2AE24484-22FC-481B-9A40-7CD0DA5C8E06}.Release|x86.ActiveCfg = Release|Win32
		{2AE24484-22FC-481B-9A40-7CD0DA5C8E06}.Release|x86.Build.0 = Release|Win32
	EndGlobalSection
	GlobalSection(SolutionProperties) = preSolution
		HideSolutionNode = FALSE
	EndGlobalSection
	GlobalSection(ExtensibilityGlobals) = postSolution
		SolutionGuid = {C8239A0C-AEC3-4005-9540-49EF9BE34482}
	EndGlobalSection
EndGlobal
